
Microsoft Visual Studio Solution File, Format Version 12.00
# Visual Studio Version 16
VisualStudioVersion = 16.0.31515.178
MinimumVisualStudioVersion = 10.0.40219.1
Project("{9A19103F-16F7-4668-BE54-9A1E7A4F7556}") = "core", "core.csproj", "{A974BEF6-F95F-4D98-96B4-AC463DA7E10A}"
EndProject
Global
	GlobalSection(SolutionConfigurationPlatforms) = preSolution
		Debug|Any CPU = Debug|Any CPU
		Release|Any CPU = Release|Any CPU
	EndGlobalSection
	GlobalSection(ProjectConfigurationPlatforms) = postSolution
		{A974BEF6-F95F-4D98-96B4-AC463DA7E10A}.Debug|Any CPU.ActiveCfg = Debug|Any CPU
		{A974BEF6-F95F-4D98-96B4-AC463DA7E10A}.Debug|Any CPU.Build.0 = Debug|Any CPU
		{A974BEF6-F95F-4D98-96B4-AC463DA7E10A}.Release|Any CPU.ActiveCfg = Release|Any CPU
		{A974BEF6-F95F-4D98-96B4-AC463DA7E10A}.Release|Any CPU.Build.0 = Release|Any CPU
	EndGlobalSection
	GlobalSection(SolutionProperties) = preSolution
		HideSolutionNode = FALSE
	EndGlobalSection
	GlobalSection(ExtensibilityGlobals) = postSolution
		SolutionGuid = {659EB9F4-0573-43DB-9F5A-5DB3CAFE00F3}
	EndGlobalSection
EndGlobal
